<?xml version="1.0" encoding="utf-8"?>
<Project ToolsVersion="4.0" xmlns="http://schemas.microsoft.com/developer/msbuild/2003">
  <ItemGroup>
    <Filter Include="Source Files">
      <UniqueIdentifier>{4FC737F1-C7A5-4376-A066-2A32D752A2FF}</UniqueIdentifier>
      <Extensions>cpp;c;cc;cxx;c++;cppm;ixx;def;odl;idl;hpj;bat;asm;asmx</Extensions>
    </Filter>
    <Filter Include="Header Files">
      <UniqueIdentifier>{93995380-89BD-4b04-88EB-625FBE52EBFB}</UniqueIdentifier>
      <Extensions>h;hh;hpp;hxx;h++;hm;inl;inc;ipp;xsd</Extensions>
    </Filter>
    <Filter Include="Resource Files">
      <UniqueIdentifier>{67DA6AB6-F800-4c08-8B7A-83BB121AAD01}</UniqueIdentifier>
      <Extensions>rc;ico;cur;bmp;dlg;rc2;rct;bin;rgs;gif;jpg;jpeg;jpe;resx;tiff;tif;png;wav;mfcribbon-ms</Extensions>
    </Filter>
  </ItemGroup>
  <ItemGroup>
    <None Include=".gitignore" />
  </ItemGroup>
  <ItemGroup>
    <ClCompile Include="main.cpp">
      <Filter>Source Files</Filter>
    </ClCompile>
    <ClCompile Include="render.cpp">
      <Filter>Source Files</Filter>
    </ClCompile>
    <ClCompile Include="game\game.cpp">
      <Filter>Source Files</Filter>
    </ClCompile>
    <ClCompile Include="task\task.cpp">
      <Filter>Source Files</Filter>
    </ClCompile>
    <ClCompile Include="entities\entity_mgr.cpp">
      <Filter>Source Files</Filter>
    </ClCompile>
    <ClCompile Include="entities\entity.cpp">
      <Filter>Source Files</Filter>
    </ClCompile>
    <ClCompile Include="entities\enemy.cpp">
      <Filter>Source Files</Filter>
    </ClCompile>
    <ClCompile Include="entities\particle.cpp">
      <Filter>Source Files</Filter>
    </ClCompile>
    <ClCompile Include="task\types\base_task.cpp">
      <Filter>Source Files</Filter>
    </ClCompile>
    <ClCompile Include="task\task_state.h">
      <Filter>Source Files</Filter>
    </ClCompile>
    <ClCompile Include="task\types\repeated_task.cpp">
      <Filter>Source Files</Filter>
    </ClCompile>
    <ClCompile Include="task\types\timer_task.cpp">
      <Filter>Source Files</Filter>
    </ClCompile>
    <ClCompile Include="draw\downsampling.cpp">
      <Filter>Source Files</Filter>
    </ClCompile>
    <ClCompile Include="utils\gradient.cpp">
      <Filter>Source Files</Filter>
    </ClCompile>
    <ClCompile Include="game\game_data.cpp">
      <Filter>Source Files</Filter>
    </ClCompile>
    <ClCompile Include="scene\base_scene.cpp">
      <Filter>Source Files</Filter>
    </ClCompile>
    <ClCompile Include="scene\elements\basic_element.cpp">
      <Filter>Source Files</Filter>
    </ClCompile>
    <ClCompile Include="scene\scene_manager.cpp">
      <Filter>Source Files</Filter>
    </ClCompile>
    <ClCompile Include="scene\elements\types\text_element.cpp">
      <Filter>Source Files</Filter>
    </ClCompile>
    <ClCompile Include="scene\types\main_menu.cpp">
      <Filter>Source Files</Filter>
    </ClCompile>
    <ClCompile Include="scene\elements\types\button_element.cpp">
      <Filter>Source Files</Filter>
    </ClCompile>
    <ClCompile Include="scene\types\main_stage.cpp">
      <Filter>Source Files</Filter>
    </ClCompile>
    <ClCompile Include="config\fruit_data.cpp">
      <Filter>Source Files</Filter>
    </ClCompile>
    <ClCompile Include="scene\elements\types\image_element.cpp">
      <Filter>Source Files</Filter>
    </ClCompile>
    <ClCompile Include="scene\types\end_stage.cpp">
      <Filter>Source Files</Filter>
    </ClCompile>
    <ClCompile Include="utils\algorithm.cpp">
      <Filter>Source Files</Filter>
    </ClCompile>
    <ClCompile Include="scene\types\pause_screen.cpp">
      <Filter>Source Files</Filter>
    </ClCompile>
    <ClCompile Include="scene\types\cosmetic_menu.cpp">
      <Filter>Source Files</Filter>
    </ClCompile>
    <ClCompile Include="scene\elements\types\checkbox_element.cpp">
      <Filter>Source Files</Filter>
    </ClCompile>
  </ItemGroup>
  <ItemGroup>
    <ClInclude Include="textures.h">
      <Filter>Header Files</Filter>
    </ClInclude>
    <ClInclude Include="render.h">
      <Filter>Header Files</Filter>
    </ClInclude>
    <ClInclude Include="game\game.h">
      <Filter>Header Files</Filter>
    </ClInclude>
    <ClInclude Include="utils\math.h">
      <Filter>Header Files</Filter>
    </ClInclude>
    <ClInclude Include="task\task.h">
      <Filter>Header Files</Filter>
    </ClInclude>
    <ClInclude Include="mouse_record\mouse_path.h">
      <Filter>Header Files</Filter>
    </ClInclude>
    <ClInclude Include="entities\entity_mgr.h">
      <Filter>Header Files</Filter>
    </ClInclude>
    <ClInclude Include="entities\entity.h">
      <Filter>Header Files</Filter>
    </ClInclude>
    <ClInclude Include="entities\enemy.h">
      <Filter>Header Files</Filter>
    </ClInclude>
    <ClInclude Include="entities\particle.h">
      <Filter>Header Files</Filter>
    </ClInclude>
    <ClInclude Include="game\game_state.h">
      <Filter>Header Files</Filter>
    </ClInclude>
    <ClInclude Include="task\types\base_task.h">
      <Filter>Header Files</Filter>
    </ClInclude>
    <ClInclude Include="task\types\repeated_task.h">
      <Filter>Header Files</Filter>
    </ClInclude>
    <ClInclude Include="task\types\timer_task.h">
      <Filter>Header Files</Filter>
    </ClInclude>
    <ClInclude Include="draw\downsampling.h">
      <Filter>Header Files</Filter>
    </ClInclude>
    <ClInclude Include="utils\gradient.h">
      <Filter>Header Files</Filter>
    </ClInclude>
    <ClInclude Include="constant.h">
      <Filter>Header Files</Filter>
    </ClInclude>
    <ClInclude Include="game\game_data.h">
      <Filter>Header Files</Filter>
    </ClInclude>
    <ClInclude Include="scene\base_scene.h">
      <Filter>Header Files</Filter>
    </ClInclude>
    <ClInclude Include="scene\elements\basic_element.h">
      <Filter>Header Files</Filter>
    </ClInclude>
    <ClInclude Include="scene\scene_id.h">
      <Filter>Header Files</Filter>
    </ClInclude>
    <ClInclude Include="scene\scene_manager.h">
      <Filter>Header Files</Filter>
    </ClInclude>
    <ClInclude Include="scene\elements\types\text_element.h">
      <Filter>Header Files</Filter>
    </ClInclude>
    <ClInclude Include="scene\types\main_menu.h">
      <Filter>Header Files</Filter>
    </ClInclude>
    <ClInclude Include="scene\elements\types\button_element.h">
      <Filter>Header Files</Filter>
    </ClInclude>
    <ClInclude Include="scene\types\main_stage.h">
      <Filter>Header Files</Filter>
    </ClInclude>
    <ClInclude Include="alignment.h">
      <Filter>Header Files</Filter>
    </ClInclude>
    <ClInclude Include="config\fruit_data.h">
      <Filter>Header Files</Filter>
    </ClInclude>
    <ClInclude Include="scene\elements\types\image_element.h">
      <Filter>Header Files</Filter>
    </ClInclude>
    <ClInclude Include="scene\types\end_stage.h">
      <Filter>Header Files</Filter>
    </ClInclude>
    <ClInclude Include="utils\algorithm.h">
      <Filter>Header Files</Filter>
    </ClInclude>
    <ClInclude Include="task\task_type.h">
      <Filter>Header Files</Filter>
    </ClInclude>
    <ClInclude Include="scene\scene_appear_type.h">
      <Filter>Header Files</Filter>
    </ClInclude>
    <ClInclude Include="scene\types\pause_screen.h">
      <Filter>Header Files</Filter>
    </ClInclude>
    <ClInclude Include="scene\types\cosmetic_menu.h">
      <Filter>Header Files</Filter>
    </ClInclude>
    <ClInclude Include="scene\elements\types\checkbox_element.h">
      <Filter>Header Files</Filter>
    </ClInclude>
  </ItemGroup>
</Project>